// !$*UTF8*$!
{
	archiveVersion = 1;
	classes = {
	};
	objectVersion = 46;
	objects = {

/* Begin PBXBuildFile section */
		45202BFF1D14445200E59561 /* main.m in Sources */ = {isa = PBXBuildFile; fileRef = 45202BFE1D14445200E59561 /* main.m */; };
		45202C021D14445200E59561 /* AppDelegate.m in Sources */ = {isa = PBXBuildFile; fileRef = 45202C011D14445200E59561 /* AppDelegate.m */; };
		45202C051D14445200E59561 /* ViewController.m in Sources */ = {isa = PBXBuildFile; fileRef = 45202C041D14445200E59561 /* ViewController.m */; };
		45202C081D14445200E59561 /* Main.storyboard in Resources */ = {isa = PBXBuildFile; fileRef = 45202C061D14445200E59561 /* Main.storyboard */; };
		45202C0B1D14445200E59561 /* GEtest.xcdatamodeld in Sources */ = {isa = PBXBuildFile; fileRef = 45202C091D14445200E59561 /* GEtest.xcdatamodeld */; };
		45202C0D1D14445200E59561 /* Assets.xcassets in Resources */ = {isa = PBXBuildFile; fileRef = 45202C0C1D14445200E59561 /* Assets.xcassets */; };
		45202C101D14445200E59561 /* LaunchScreen.storyboard in Resources */ = {isa = PBXBuildFile; fileRef = 45202C0E1D14445200E59561 /* LaunchScreen.storyboard */; };
		45202C1B1D14445200E59561 /* GEtestTests.m in Sources */ = {isa = PBXBuildFile; fileRef = 45202C1A1D14445200E59561 /* GEtestTests.m */; };
		45202C261D14445200E59561 /* GEtestUITests.m in Sources */ = {isa = PBXBuildFile; fileRef = 45202C251D14445200E59561 /* GEtestUITests.m */; };
		45202C351D1447C200E59561 /* UIImageView+UIActivityIndicatorForSDWebImage.m in Sources */ = {isa = PBXBuildFile; fileRef = 45202C341D1447C200E59561 /* UIImageView+UIActivityIndicatorForSDWebImage.m */; };
		45202C421D144B4500E59561 /* HttpSessionManager.m in Sources */ = {isa = PBXBuildFile; fileRef = 45202C411D144B4500E59561 /* HttpSessionManager.m */; };
		45202C461D144BC900E59561 /* APIService.m in Sources */ = {isa = PBXBuildFile; fileRef = 45202C451D144BC900E59561 /* APIService.m */; };
		45202C4D1D14545A00E59561 /* PathDataService.m in Sources */ = {isa = PBXBuildFile; fileRef = 45202C4C1D14545A00E59561 /* PathDataService.m */; };
		45202C531D145A1400E59561 /* Path+CoreDataProperties.m in Sources */ = {isa = PBXBuildFile; fileRef = 45202C501D145A1400E59561 /* Path+CoreDataProperties.m */; };
		45202C541D145A1400E59561 /* Path.m in Sources */ = {isa = PBXBuildFile; fileRef = 45202C521D145A1400E59561 /* Path.m */; };
		45202C571D14A3FF00E59561 /* Reachability.m in Sources */ = {isa = PBXBuildFile; fileRef = 45202C561D14A3FF00E59561 /* Reachability.m */; };
		A9DAA76C6973FA31B5C042AA /* libPods-GEtest.a in Frameworks */ = {isa = PBXBuildFile; fileRef = 30F23D1207BCBCD3FA21FE9D /* libPods-GEtest.a */; };
/* End PBXBuildFile section */

/* Begin PBXContainerItemProxy section */
		45202C171D14445200E59561 /* PBXContainerItemProxy */ = {
			isa = PBXContainerItemProxy;
			containerPortal = 45202BF21D14445200E59561 /* Project object */;
			proxyType = 1;
			remoteGlobalIDString = 45202BF91D14445200E59561;
			remoteInfo = GEtest;
		};
		45202C221D14445200E59561 /* PBXContainerItemProxy */ = {
			isa = PBXContainerItemProxy;
			containerPortal = 45202BF21D14445200E59561 /* Project object */;
			proxyType = 1;
			remoteGlobalIDString = 45202BF91D14445200E59561;
			remoteInfo = GEtest;
		};
/* End PBXContainerItemProxy section */

/* Begin PBXFileReference section */
		0B90BEACD48F36A921B37617 /* Pods-GEtest.debug.xcconfig */ = {isa = PBXFileReference; includeInIndex = 1; lastKnownFileType = text.xcconfig; name = "Pods-GEtest.debug.xcconfig"; path = "Pods/Target Support Files/Pods-GEtest/Pods-GEtest.debug.xcconfig"; sourceTree = "<group>"; };
		30F23D1207BCBCD3FA21FE9D /* libPods-GEtest.a */ = {isa = PBXFileReference; explicitFileType = archive.ar; includeInIndex = 0; path = "libPods-GEtest.a"; sourceTree = BUILT_PRODUCTS_DIR; };
		45202BFA1D14445200E59561 /* GEtest.app */ = {isa = PBXFileReference; explicitFileType = wrapper.application; includeInIndex = 0; path = GEtest.app; sourceTree = BUILT_PRODUCTS_DIR; };
		45202BFE1D14445200E59561 /* main.m */ = {isa = PBXFileReference; lastKnownFileType = sourcecode.c.objc; path = main.m; sourceTree = "<group>"; };
		45202C001D14445200E59561 /* AppDelegate.h */ = {isa = PBXFileReference; lastKnownFileType = sourcecode.c.h; path = AppDelegate.h; sourceTree = "<group>"; };
		45202C011D14445200E59561 /* AppDelegate.m */ = {isa = PBXFileReference; lastKnownFileType = sourcecode.c.objc; path = AppDelegate.m; sourceTree = "<group>"; };
		45202C031D14445200E59561 /* ViewController.h */ = {isa = PBXFileReference; lastKnownFileType = sourcecode.c.h; path = ViewController.h; sourceTree = "<group>"; };
		45202C041D14445200E59561 /* ViewController.m */ = {isa = PBXFileReference; lastKnownFileType = sourcecode.c.objc; path = ViewController.m; sourceTree = "<group>"; };
		45202C071D14445200E59561 /* Base */ = {isa = PBXFileReference; lastKnownFileType = file.storyboard; name = Base; path = Base.lproj/Main.storyboard; sourceTree = "<group>"; };
		45202C0A1D14445200E59561 /* GEtest.xcdatamodel */ = {isa = PBXFileReference; lastKnownFileType = wrapper.xcdatamodel; path = GEtest.xcdatamodel; sourceTree = "<group>"; };
		45202C0C1D14445200E59561 /* Assets.xcassets */ = {isa = PBXFileReference; lastKnownFileType = folder.assetcatalog; path = Assets.xcassets; sourceTree = "<group>"; };
		45202C0F1D14445200E59561 /* Base */ = {isa = PBXFileReference; lastKnownFileType = file.storyboard; name = Base; path = Base.lproj/LaunchScreen.storyboard; sourceTree = "<group>"; };
		45202C111D14445200E59561 /* Info.plist */ = {isa = PBXFileReference; lastKnownFileType = text.plist.xml; path = Info.plist; sourceTree = "<group>"; };
		45202C161D14445200E59561 /* GEtestTests.xctest */ = {isa = PBXFileReference; explicitFileType = wrapper.cfbundle; includeInIndex = 0; path = GEtestTests.xctest; sourceTree = BUILT_PRODUCTS_DIR; };
		45202C1A1D14445200E59561 /* GEtestTests.m */ = {isa = PBXFileReference; lastKnownFileType = sourcecode.c.objc; path = GEtestTests.m; sourceTree = "<group>"; };
		45202C1C1D14445200E59561 /* Info.plist */ = {isa = PBXFileReference; lastKnownFileType = text.plist.xml; path = Info.plist; sourceTree = "<group>"; };
		45202C211D14445200E59561 /* GEtestUITests.xctest */ = {isa = PBXFileReference; explicitFileType = wrapper.cfbundle; includeInIndex = 0; path = GEtestUITests.xctest; sourceTree = BUILT_PRODUCTS_DIR; };
		45202C251D14445200E59561 /* GEtestUITests.m */ = {isa = PBXFileReference; lastKnownFileType = sourcecode.c.objc; path = GEtestUITests.m; sourceTree = "<group>"; };
		45202C271D14445200E59561 /* Info.plist */ = {isa = PBXFileReference; lastKnownFileType = text.plist.xml; path = Info.plist; sourceTree = "<group>"; };
		45202C331D1447C200E59561 /* UIImageView+UIActivityIndicatorForSDWebImage.h */ = {isa = PBXFileReference; fileEncoding = 4; lastKnownFileType = sourcecode.c.h; path = "UIImageView+UIActivityIndicatorForSDWebImage.h"; sourceTree = "<group>"; };
		45202C341D1447C200E59561 /* UIImageView+UIActivityIndicatorForSDWebImage.m */ = {isa = PBXFileReference; fileEncoding = 4; lastKnownFileType = sourcecode.c.objc; path = "UIImageView+UIActivityIndicatorForSDWebImage.m"; sourceTree = "<group>"; };
		45202C401D144B4500E59561 /* HttpSessionManager.h */ = {isa = PBXFileReference; fileEncoding = 4; lastKnownFileType = sourcecode.c.h; path = HttpSessionManager.h; sourceTree = "<group>"; };
		45202C411D144B4500E59561 /* HttpSessionManager.m */ = {isa = PBXFileReference; fileEncoding = 4; lastKnownFileType = sourcecode.c.objc; path = HttpSessionManager.m; sourceTree = "<group>"; };
		45202C431D144B6400E59561 /* APIParams.h */ = {isa = PBXFileReference; lastKnownFileType = sourcecode.c.h; path = APIParams.h; sourceTree = "<group>"; };
		45202C441D144BC900E59561 /* APIService.h */ = {isa = PBXFileReference; fileEncoding = 4; lastKnownFileType = sourcecode.c.h; path = APIService.h; sourceTree = "<group>"; };
		45202C451D144BC900E59561 /* APIService.m */ = {isa = PBXFileReference; fileEncoding = 4; lastKnownFileType = sourcecode.c.objc; path = APIService.m; sourceTree = "<group>"; };
		45202C4B1D14545A00E59561 /* PathDataService.h */ = {isa = PBXFileReference; fileEncoding = 4; lastKnownFileType = sourcecode.c.h; path = PathDataService.h; sourceTree = "<group>"; };
		45202C4C1D14545A00E59561 /* PathDataService.m */ = {isa = PBXFileReference; fileEncoding = 4; lastKnownFileType = sourcecode.c.objc; path = PathDataService.m; sourceTree = "<group>"; };
		45202C4F1D145A1400E59561 /* Path+CoreDataProperties.h */ = {isa = PBXFileReference; fileEncoding = 4; lastKnownFileType = sourcecode.c.h; path = "Path+CoreDataProperties.h"; sourceTree = "<group>"; };
		45202C501D145A1400E59561 /* Path+CoreDataProperties.m */ = {isa = PBXFileReference; fileEncoding = 4; lastKnownFileType = sourcecode.c.objc; path = "Path+CoreDataProperties.m"; sourceTree = "<group>"; };
		45202C511D145A1400E59561 /* Path.h */ = {isa = PBXFileReference; fileEncoding = 4; lastKnownFileType = sourcecode.c.h; path = Path.h; sourceTree = "<group>"; };
		45202C521D145A1400E59561 /* Path.m */ = {isa = PBXFileReference; fileEncoding = 4; lastKnownFileType = sourcecode.c.objc; path = Path.m; sourceTree = "<group>"; };
		45202C551D14A3FF00E59561 /* Reachability.h */ = {isa = PBXFileReference; fileEncoding = 4; lastKnownFileType = sourcecode.c.h; path = Reachability.h; sourceTree = "<group>"; };
		45202C561D14A3FF00E59561 /* Reachability.m */ = {isa = PBXFileReference; fileEncoding = 4; lastKnownFileType = sourcecode.c.objc; path = Reachability.m; sourceTree = "<group>"; };
		F2571D48688544A44351F1B3 /* Pods-GEtest.release.xcconfig */ = {isa = PBXFileReference; includeInIndex = 1; lastKnownFileType = text.xcconfig; name = "Pods-GEtest.release.xcconfig"; path = "Pods/Target Support Files/Pods-GEtest/Pods-GEtest.release.xcconfig"; sourceTree = "<group>"; };
/* End PBXFileReference section */

/* Begin PBXFrameworksBuildPhase section */
		45202BF71D14445200E59561 /* Frameworks */ = {
			isa = PBXFrameworksBuildPhase;
			buildActionMask = 2147483647;
			files = (
				A9DAA76C6973FA31B5C042AA /* libPods-GEtest.a in Frameworks */,
			);
			runOnlyForDeploymentPostprocessing = 0;
		};
		45202C131D14445200E59561 /* Frameworks */ = {
			isa = PBXFrameworksBuildPhase;
			buildActionMask = 2147483647;
			files = (
			);
			runOnlyForDeploymentPostprocessing = 0;
		};
		45202C1E1D14445200E59561 /* Frameworks */ = {
			isa = PBXFrameworksBuildPhase;
			buildActionMask = 2147483647;
			files = (
			);
			runOnlyForDeploymentPostprocessing = 0;
		};
/* End PBXFrameworksBuildPhase section */

/* Begin PBXGroup section */
		2B63DD9D90A5F459B10FCCB3 /* Frameworks */ = {
			isa = PBXGroup;
			children = (
				30F23D1207BCBCD3FA21FE9D /* libPods-GEtest.a */,
			);
			name = Frameworks;
			sourceTree = "<group>";
		};
		33DCACCB7FB6086336B359DC /* Pods */ = {
			isa = PBXGroup;
			children = (
				0B90BEACD48F36A921B37617 /* Pods-GEtest.debug.xcconfig */,
				F2571D48688544A44351F1B3 /* Pods-GEtest.release.xcconfig */,
			);
			name = Pods;
			sourceTree = "<group>";
		};
		45202BF11D14445200E59561 = {
			isa = PBXGroup;
			children = (
				45202BFC1D14445200E59561 /* GEtest */,
				45202C191D14445200E59561 /* GEtestTests */,
				45202C241D14445200E59561 /* GEtestUITests */,
				45202BFB1D14445200E59561 /* Products */,
				33DCACCB7FB6086336B359DC /* Pods */,
				2B63DD9D90A5F459B10FCCB3 /* Frameworks */,
			);
			sourceTree = "<group>";
		};
		45202BFB1D14445200E59561 /* Products */ = {
			isa = PBXGroup;
			children = (
				45202BFA1D14445200E59561 /* GEtest.app */,
				45202C161D14445200E59561 /* GEtestTests.xctest */,
				45202C211D14445200E59561 /* GEtestUITests.xctest */,
			);
			name = Products;
			sourceTree = "<group>";
		};
		45202BFC1D14445200E59561 /* GEtest */ = {
			isa = PBXGroup;
			children = (
				45202C001D14445200E59561 /* AppDelegate.h */,
				45202C011D14445200E59561 /* AppDelegate.m */,
				45202C0C1D14445200E59561 /* Assets.xcassets */,
				45202C381D1447EF00E59561 /* Classes */,
				45202C3F1D14489000E59561 /* Models */,
				45202C111D14445200E59561 /* Info.plist */,
				45202BFD1D14445200E59561 /* Supporting Files */,
			);
			path = GEtest;
			sourceTree = "<group>";
		};
		45202BFD1D14445200E59561 /* Supporting Files */ = {
			isa = PBXGroup;
			children = (
				45202BFE1D14445200E59561 /* main.m */,
			);
			name = "Supporting Files";
			sourceTree = "<group>";
		};
		45202C191D14445200E59561 /* GEtestTests */ = {
			isa = PBXGroup;
			children = (
				45202C1A1D14445200E59561 /* GEtestTests.m */,
				45202C1C1D14445200E59561 /* Info.plist */,
			);
			path = GEtestTests;
			sourceTree = "<group>";
		};
		45202C241D14445200E59561 /* GEtestUITests */ = {
			isa = PBXGroup;
			children = (
				45202C251D14445200E59561 /* GEtestUITests.m */,
				45202C271D14445200E59561 /* Info.plist */,
			);
			path = GEtestUITests;
			sourceTree = "<group>";
		};
		45202C361D1447C600E59561 /* UIImageView+UIActivityIndicatorForSDWebImage */ = {
			isa = PBXGroup;
			children = (
				45202C331D1447C200E59561 /* UIImageView+UIActivityIndicatorForSDWebImage.h */,
				45202C341D1447C200E59561 /* UIImageView+UIActivityIndicatorForSDWebImage.m */,
			);
			name = "UIImageView+UIActivityIndicatorForSDWebImage";
			sourceTree = "<group>";
		};
		45202C371D1447DB00E59561 /* Utilities */ = {
			isa = PBXGroup;
			children = (
				45202C581D14A40600E59561 /* Reachability */,
				45202C361D1447C600E59561 /* UIImageView+UIActivityIndicatorForSDWebImage */,
			);
			name = Utilities;
			sourceTree = "<group>";
		};
		45202C381D1447EF00E59561 /* Classes */ = {
			isa = PBXGroup;
			children = (
				45202C371D1447DB00E59561 /* Utilities */,
				45202C601D14D95400E59561 /* Constants */,
				45202C3C1D14483100E59561 /* Services */,
				45202C3E1D14487100E59561 /* UI */,
			);
			name = Classes;
			sourceTree = "<group>";
		};
		45202C3A1D14480A00E59561 /* ViewControllers */ = {
			isa = PBXGroup;
			children = (
				45202C031D14445200E59561 /* ViewController.h */,
				45202C041D14445200E59561 /* ViewController.m */,
			);
			name = ViewControllers;
			sourceTree = "<group>";
		};
		45202C3B1D14481300E59561 /* Storyboards */ = {
			isa = PBXGroup;
			children = (
				45202C061D14445200E59561 /* Main.storyboard */,
				45202C0E1D14445200E59561 /* LaunchScreen.storyboard */,
			);
			name = Storyboards;
			sourceTree = "<group>";
		};
		45202C3C1D14483100E59561 /* Services */ = {
			isa = PBXGroup;
			children = (
				45202C471D14531F00E59561 /* APIService */,
				45202C4E1D1455AC00E59561 /* DataServices */,
			);
			name = Services;
			sourceTree = "<group>";
		};
		45202C3E1D14487100E59561 /* UI */ = {
			isa = PBXGroup;
			children = (
				45202C3B1D14481300E59561 /* Storyboards */,
				45202C3A1D14480A00E59561 /* ViewControllers */,
			);
			name = UI;
			sourceTree = "<group>";
		};
		45202C3F1D14489000E59561 /* Models */ = {
			isa = PBXGroup;
			children = (
				45202C091D14445200E59561 /* GEtest.xcdatamodeld */,
				45202C4F1D145A1400E59561 /* Path+CoreDataProperties.h */,
				45202C501D145A1400E59561 /* Path+CoreDataProperties.m */,
				45202C511D145A1400E59561 /* Path.h */,
				45202C521D145A1400E59561 /* Path.m */,
			);
			name = Models;
			sourceTree = "<group>";
		};
		45202C471D14531F00E59561 /* APIService */ = {
			isa = PBXGroup;
			children = (
				45202C401D144B4500E59561 /* HttpSessionManager.h */,
				45202C411D144B4500E59561 /* HttpSessionManager.m */,
				45202C441D144BC900E59561 /* APIService.h */,
				45202C451D144BC900E59561 /* APIService.m */,
			);
			name = APIService;
			sourceTree = "<group>";
		};
		45202C4E1D1455AC00E59561 /* DataServices */ = {
			isa = PBXGroup;
			children = (
				45202C4B1D14545A00E59561 /* PathDataService.h */,
				45202C4C1D14545A00E59561 /* PathDataService.m */,
			);
			name = DataServices;
			sourceTree = "<group>";
		};
		45202C581D14A40600E59561 /* Reachability */ = {
			isa = PBXGroup;
			children = (
				45202C551D14A3FF00E59561 /* Reachability.h */,
				45202C561D14A3FF00E59561 /* Reachability.m */,
			);
			name = Reachability;
			sourceTree = "<group>";
		};
		45202C601D14D95400E59561 /* Constants */ = {
			isa = PBXGroup;
			children = (
				45202C431D144B6400E59561 /* APIParams.h */,
			);
			name = Constants;
			sourceTree = "<group>";
		};
/* End PBXGroup section */

/* Begin PBXNativeTarget section */
		45202BF91D14445200E59561 /* GEtest */ = {
			isa = PBXNativeTarget;
			buildConfigurationList = 45202C2A1D14445200E59561 /* Build configuration list for PBXNativeTarget "GEtest" */;
			buildPhases = (
				90E6CEC2B336F48E151EDAF3 /* 📦 Check Pods Manifest.lock */,
				45202BF61D14445200E59561 /* Sources */,
				45202BF71D14445200E59561 /* Frameworks */,
				45202BF81D14445200E59561 /* Resources */,
				398A626A2BA4F6239F254126 /* 📦 Embed Pods Frameworks */,
				8789246DFF259E292B1E0FBC /* 📦 Copy Pods Resources */,
			);
			buildRules = (
			);
			dependencies = (
			);
			name = GEtest;
			productName = GEtest;
			productReference = 45202BFA1D14445200E59561 /* GEtest.app */;
			productType = "com.apple.product-type.application";
		};
		45202C151D14445200E59561 /* GEtestTests */ = {
			isa = PBXNativeTarget;
			buildConfigurationList = 45202C2D1D14445200E59561 /* Build configuration list for PBXNativeTarget "GEtestTests" */;
			buildPhases = (
				45202C121D14445200E59561 /* Sources */,
				45202C131D14445200E59561 /* Frameworks */,
				45202C141D14445200E59561 /* Resources */,
			);
			buildRules = (
			);
			dependencies = (
				45202C181D14445200E59561 /* PBXTargetDependency */,
			);
			name = GEtestTests;
			productName = GEtestTests;
			productReference = 45202C161D14445200E59561 /* GEtestTests.xctest */;
			productType = "com.apple.product-type.bundle.unit-test";
		};
		45202C201D14445200E59561 /* GEtestUITests */ = {
			isa = PBXNativeTarget;
			buildConfigurationList = 45202C301D14445200E59561 /* Build configuration list for PBXNativeTarget "GEtestUITests" */;
			buildPhases = (
				45202C1D1D14445200E59561 /* Sources */,
				45202C1E1D14445200E59561 /* Frameworks */,
				45202C1F1D14445200E59561 /* Resources */,
			);
			buildRules = (
			);
			dependencies = (
				45202C231D14445200E59561 /* PBXTargetDependency */,
			);
			name = GEtestUITests;
			productName = GEtestUITests;
			productReference = 45202C211D14445200E59561 /* GEtestUITests.xctest */;
			productType = "com.apple.product-type.bundle.ui-testing";
		};
/* End PBXNativeTarget section */

/* Begin PBXProject section */
		45202BF21D14445200E59561 /* Project object */ = {
			isa = PBXProject;
			attributes = {
				LastUpgradeCheck = 0720;
				ORGANIZATIONNAME = "Mohamed Alsadek";
				TargetAttributes = {
					45202BF91D14445200E59561 = {
						CreatedOnToolsVersion = 7.2;
					};
					45202C151D14445200E59561 = {
						CreatedOnToolsVersion = 7.2;
						TestTargetID = 45202BF91D14445200E59561;
					};
					45202C201D14445200E59561 = {
						CreatedOnToolsVersion = 7.2;
						TestTargetID = 45202BF91D14445200E59561;
					};
				};
			};
			buildConfigurationList = 45202BF51D14445200E59561 /* Build configuration list for PBXProject "GEtest" */;
			compatibilityVersion = "Xcode 3.2";
			developmentRegion = English;
			hasScannedForEncodings = 0;
			knownRegions = (
				en,
				Base,
			);
			mainGroup = 45202BF11D14445200E59561;
			productRefGroup = 45202BFB1D14445200E59561 /* Products */;
			projectDirPath = "";
			projectRoot = "";
			targets = (
				45202BF91D14445200E59561 /* GEtest */,
				45202C151D14445200E59561 /* GEtestTests */,
				45202C201D14445200E59561 /* GEtestUITests */,
			);
		};
/* End PBXProject section */

/* Begin PBXResourcesBuildPhase section */
		45202BF81D14445200E59561 /* Resources */ = {
			isa = PBXResourcesBuildPhase;
			buildActionMask = 2147483647;
			files = (
				45202C101D14445200E59561 /* LaunchScreen.storyboard in Resources */,
				45202C0D1D14445200E59561 /* Assets.xcassets in Resources */,
				45202C081D14445200E59561 /* Main.storyboard in Resources */,
			);
			runOnlyForDeploymentPostprocessing = 0;
		};
		45202C141D14445200E59561 /* Resources */ = {
			isa = PBXResourcesBuildPhase;
			buildActionMask = 2147483647;
			files = (
			);
			runOnlyForDeploymentPostprocessing = 0;
		};
		45202C1F1D14445200E59561 /* Resources */ = {
			isa = PBXResourcesBuildPhase;
			buildActionMask = 2147483647;
			files = (
			);
			runOnlyForDeploymentPostprocessing = 0;
		};
/* End PBXResourcesBuildPhase section */

/* Begin PBXShellScriptBuildPhase section */
		398A626A2BA4F6239F254126 /* 📦 Embed Pods Frameworks */ = {
			isa = PBXShellScriptBuildPhase;
			buildActionMask = 2147483647;
			files = (
			);
			inputPaths = (
			);
			name = "📦 Embed Pods Frameworks";
			outputPaths = (
			);
			runOnlyForDeploymentPostprocessing = 0;
			shellPath = /bin/sh;
			shellScript = "\"${SRCROOT}/Pods/Target Support Files/Pods-GEtest/Pods-GEtest-frameworks.sh\"\n";
			showEnvVarsInLog = 0;
		};
		8789246DFF259E292B1E0FBC /* 📦 Copy Pods Resources */ = {
			isa = PBXShellScriptBuildPhase;
			buildActionMask = 2147483647;
			files = (
			);
			inputPaths = (
			);
			name = "📦 Copy Pods Resources";
			outputPaths = (
			);
			runOnlyForDeploymentPostprocessing = 0;
			shellPath = /bin/sh;
			shellScript = "\"${SRCROOT}/Pods/Target Support Files/Pods-GEtest/Pods-GEtest-resources.sh\"\n";
			showEnvVarsInLog = 0;
		};
		90E6CEC2B336F48E151EDAF3 /* 📦 Check Pods Manifest.lock */ = {
			isa = PBXShellScriptBuildPhase;
			buildActionMask = 2147483647;
			files = (
			);
			inputPaths = (
			);
			name = "📦 Check Pods Manifest.lock";
			outputPaths = (
			);
			runOnlyForDeploymentPostprocessing = 0;
			shellPath = /bin/sh;
			shellScript = "diff \"${PODS_ROOT}/../Podfile.lock\" \"${PODS_ROOT}/Manifest.lock\" > /dev/null\nif [[ $? != 0 ]] ; then\n    cat << EOM\nerror: The sandbox is not in sync with the Podfile.lock. Run 'pod install' or update your CocoaPods installation.\nEOM\n    exit 1\nfi\n";
			showEnvVarsInLog = 0;
		};
/* End PBXShellScriptBuildPhase section */

/* Begin PBXSourcesBuildPhase section */
		45202BF61D14445200E59561 /* Sources */ = {
			isa = PBXSourcesBuildPhase;
			buildActionMask = 2147483647;
			files = (
				45202C541D145A1400E59561 /* Path.m in Sources */,
				45202C531D145A1400E59561 /* Path+CoreDataProperties.m in Sources */,
				45202C051D14445200E59561 /* ViewController.m in Sources */,
				45202C571D14A3FF00E59561 /* Reachability.m in Sources */,
				45202C461D144BC900E59561 /* APIService.m in Sources */,
				45202C021D14445200E59561 /* AppDelegate.m in Sources */,
				45202C421D144B4500E59561 /* HttpSessionManager.m in Sources */,
				45202C4D1D14545A00E59561 /* PathDataService.m in Sources */,
				45202C351D1447C200E59561 /* UIImageView+UIActivityIndicatorForSDWebImage.m in Sources */,
				45202BFF1D14445200E59561 /* main.m in Sources */,
				45202C0B1D14445200E59561 /* GEtest.xcdatamodeld in Sources */,
			);
			runOnlyForDeploymentPostprocessing = 0;
		};
		45202C121D14445200E59561 /* Sources */ = {
			isa = PBXSourcesBuildPhase;
			buildActionMask = 2147483647;
			files = (
				45202C1B1D14445200E59561 /* GEtestTests.m in Sources */,
			);
			runOnlyForDeploymentPostprocessing = 0;
		};
		45202C1D1D14445200E59561 /* Sources */ = {
			isa = PBXSourcesBuildPhase;
			buildActionMask = 2147483647;
			files = (
				45202C261D14445200E59561 /* GEtestUITests.m in Sources */,
			);
			runOnlyForDeploymentPostprocessing = 0;
		};
/* End PBXSourcesBuildPhase section */

/* Begin PBXTargetDependency section */
		45202C181D14445200E59561 /* PBXTargetDependency */ = {
			isa = PBXTargetDependency;
			target = 45202BF91D14445200E59561 /* GEtest */;
			targetProxy = 45202C171D14445200E59561 /* PBXContainerItemProxy */;
		};
		45202C231D14445200E59561 /* PBXTargetDependency */ = {
			isa = PBXTargetDependency;
			target = 45202BF91D14445200E59561 /* GEtest */;
			targetProxy = 45202C221D14445200E59561 /* PBXContainerItemProxy */;
		};
/* End PBXTargetDependency section */

/* Begin PBXVariantGroup section */
		45202C061D14445200E59561 /* Main.storyboard */ = {
			isa = PBXVariantGroup;
			children = (
				45202C071D14445200E59561 /* Base */,
			);
			name = Main.storyboard;
			sourceTree = "<group>";
		};
		45202C0E1D14445200E59561 /* LaunchScreen.storyboard */ = {
			isa = PBXVariantGroup;
			children = (
				45202C0F1D14445200E59561 /* Base */,
			);
			name = LaunchScreen.storyboard;
			sourceTree = "<group>";
		};
/* End PBXVariantGroup section */

/* Begin XCBuildConfiguration section */
		45202C281D14445200E59561 /* Debug */ = {
			isa = XCBuildConfiguration;
			buildSettings = {
				ALWAYS_SEARCH_USER_PATHS = NO;
				CLANG_CXX_LANGUAGE_STANDARD = "gnu++0x";
				CLANG_CXX_LIBRARY = "libc++";
				CLANG_ENABLE_MODULES = YES;
				CLANG_ENABLE_OBJC_ARC = YES;
				CLANG_WARN_BOOL_CONVERSION = YES;
				CLANG_WARN_CONSTANT_CONVERSION = YES;
				CLANG_WARN_DIRECT_OBJC_ISA_USAGE = YES_ERROR;
				CLANG_WARN_EMPTY_BODY = YES;
				CLANG_WARN_ENUM_CONVERSION = YES;
				CLANG_WARN_INT_CONVERSION = YES;
				CLANG_WARN_OBJC_ROOT_CLASS = YES_ERROR;
				CLANG_WARN_UNREACHABLE_CODE = YES;
				CLANG_WARN__DUPLICATE_METHOD_MATCH = YES;
				"CODE_SIGN_IDENTITY[sdk=iphoneos*]" = "iPhone Developer";
				COPY_PHASE_STRIP = NO;
				DEBUG_INFORMATION_FORMAT = dwarf;
				ENABLE_STRICT_OBJC_MSGSEND = YES;
				ENABLE_TESTABILITY = YES;
				GCC_C_LANGUAGE_STANDARD = gnu99;
				GCC_DYNAMIC_NO_PIC = NO;
				GCC_NO_COMMON_BLOCKS = YES;
				GCC_OPTIMIZATION_LEVEL = 0;
				GCC_PREPROCESSOR_DEFINITIONS = (
					"DEBUG=1",
					"$(inherited)",
				);
				GCC_WARN_64_TO_32_BIT_CONVERSION = YES;
				GCC_WARN_ABOUT_RETURN_TYPE = YES_ERROR;
				GCC_WARN_UNDECLARED_SELECTOR = YES;
				GCC_WARN_UNINITIALIZED_AUTOS = YES_AGGRESSIVE;
				GCC_WARN_UNUSED_FUNCTION = YES;
				GCC_WARN_UNUSED_VARIABLE = YES;
				IPHONEOS_DEPLOYMENT_TARGET = 9.2;
				MTL_ENABLE_DEBUG_INFO = YES;
				ONLY_ACTIVE_ARCH = YES;
				SDKROOT = iphoneos;
				TARGETED_DEVICE_FAMILY = "1,2";
			};
			name = Debug;
		};
		45202C291D14445200E59561 /* Release */ = {
			isa = XCBuildConfiguration;
			buildSettings = {
				ALWAYS_SEARCH_USER_PATHS = NO;
				CLANG_CXX_LANGUAGE_STANDARD = "gnu++0x";
				CLANG_CXX_LIBRARY = "libc++";
				CLANG_ENABLE_MODULES = YES;
				CLANG_ENABLE_OBJC_ARC = YES;
				CLANG_WARN_BOOL_CONVERSION = YES;
				CLANG_WARN_CONSTANT_CONVERSION = YES;
				CLANG_WARN_DIRECT_OBJC_ISA_USAGE = YES_ERROR;
				CLANG_WARN_EMPTY_BODY = YES;
				CLANG_WARN_ENUM_CONVERSION = YES;
				CLANG_WARN_INT_CONVERSION = YES;
				CLANG_WARN_OBJC_ROOT_CLASS = YES_ERROR;
				CLANG_WARN_UNREACHABLE_CODE = YES;
				CLANG_WARN__DUPLICATE_METHOD_MATCH = YES;
				"CODE_SIGN_IDENTITY[sdk=iphoneos*]" = "iPhone Developer";
				COPY_PHASE_STRIP = NO;
				DEBUG_INFORMATION_FORMAT = "dwarf-with-dsym";
				ENABLE_NS_ASSERTIONS = NO;
				ENABLE_STRICT_OBJC_MSGSEND = YES;
				GCC_C_LANGUAGE_STANDARD = gnu99;
				GCC_NO_COMMON_BLOCKS = YES;
				GCC_WARN_64_TO_32_BIT_CONVERSION = YES;
				GCC_WARN_ABOUT_RETURN_TYPE = YES_ERROR;
				GCC_WARN_UNDECLARED_SELECTOR = YES;
				GCC_WARN_UNINITIALIZED_AUTOS = YES_AGGRESSIVE;
				GCC_WARN_UNUSED_FUNCTION = YES;
				GCC_WARN_UNUSED_VARIABLE = YES;
				IPHONEOS_DEPLOYMENT_TARGET = 9.2;
				MTL_ENABLE_DEBUG_INFO = NO;
				SDKROOT = iphoneos;
				TARGETED_DEVICE_FAMILY = "1,2";
				VALIDATE_PRODUCT = YES;
			};
			name = Release;
		};
		45202C2B1D14445200E59561 /* Debug */ = {
			isa = XCBuildConfiguration;
			baseConfigurationReference = 0B90BEACD48F36A921B37617 /* Pods-GEtest.debug.xcconfig */;
			buildSettings = {
				ASSETCATALOG_COMPILER_APPICON_NAME = AppIcon;
				INFOPLIST_FILE = GEtest/Info.plist;
				IPHONEOS_DEPLOYMENT_TARGET = 7.0;
				LD_RUNPATH_SEARCH_PATHS = "$(inherited) @executable_path/Frameworks";
				PRODUCT_BUNDLE_IDENTIFIER = com.vodafone.GEtest;
				PRODUCT_NAME = "$(TARGET_NAME)";
				TARGETED_DEVICE_FAMILY = 1;
			};
			name = Debug;
		};
		45202C2C1D14445200E59561 /* Release */ = {
			isa = XCBuildConfiguration;
			baseConfigurationReference = F2571D48688544A44351F1B3 /* Pods-GEtest.release.xcconfig */;
			buildSettings = {
				ASSETCATALOG_COMPILER_APPICON_NAME = AppIcon;
				INFOPLIST_FILE = GEtest/Info.plist;
				IPHONEOS_DEPLOYMENT_TARGET = 7.0;
				LD_RUNPATH_SEARCH_PATHS = "$(inherited) @executable_path/Frameworks";
				PRODUCT_BUNDLE_IDENTIFIER = com.vodafone.GEtest;
				PRODUCT_NAME = "$(TARGET_NAME)";
				TARGETED_DEVICE_FAMILY = 1;
			};
			name = Release;
		};
		45202C2E1D14445200E59561 /* Debug */ = {
			isa = XCBuildConfiguration;
			buildSettings = {
				BUNDLE_LOADER = "$(TEST_HOST)";
				INFOPLIST_FILE = GEtestTests/Info.plist;
				LD_RUNPATH_SEARCH_PATHS = "$(inherited) @executable_path/Frameworks @loader_path/Frameworks";
				PRODUCT_BUNDLE_IDENTIFIER = com.vodafone.GEtestTests;
				PRODUCT_NAME = "$(TARGET_NAME)";
				TEST_HOST = "$(BUILT_PRODUCTS_DIR)/GEtest.app/GEtest";
			};
			name = Debug;
		};
		45202C2F1D14445200E59561 /* Release */ = {
			isa = XCBuildConfiguration;
			buildSettings = {
				BUNDLE_LOADER = "$(TEST_HOST)";
				INFOPLIST_FILE = GEtestTests/Info.plist;
				LD_RUNPATH_SEARCH_PATHS = "$(inherited) @executable_path/Frameworks @loader_path/Frameworks";
				PRODUCT_BUNDLE_IDENTIFIER = com.vodafone.GEtestTests;
				PRODUCT_NAME = "$(TARGET_NAME)";
				TEST_HOST = "$(BUILT_PRODUCTS_DIR)/GEtest.app/GEtest";
			};
			name = Release;
		};
		45202C311D14445200E59561 /* Debug */ = {
			isa = XCBuildConfiguration;
			buildSettings = {
				INFOPLIST_FILE = GEtestUITests/Info.plist;
				LD_RUNPATH_SEARCH_PATHS = "$(inherited) @executable_path/Frameworks @loader_path/Frameworks";
				PRODUCT_BUNDLE_IDENTIFIER = com.vodafone.GEtestUITests;
				PRODUCT_NAME = "$(TARGET_NAME)";
				TEST_TARGET_NAME = GEtest;
				USES_XCTRUNNER = YES;
			};
			name = Debug;
		};
		45202C321D14445200E59561 /* Release */ = {
			isa = XCBuildConfiguration;
			buildSettings = {
				INFOPLIST_FILE = GEtestUITests/Info.plist;
				LD_RUNPATH_SEARCH_PATHS = "$(inherited) @executable_path/Frameworks @loader_path/Frameworks";
				PRODUCT_BUNDLE_IDENTIFIER = com.vodafone.GEtestUITests;
				PRODUCT_NAME = "$(TARGET_NAME)";
				TEST_TARGET_NAME = GEtest;
				USES_XCTRUNNER = YES;
			};
			name = Release;
		};
/* End XCBuildConfiguration section */

/* Begin XCConfigurationList section */
		45202BF51D14445200E59561 /* Build configuration list for PBXProject "GEtest" */ = {
			isa = XCConfigurationList;
			buildConfigurations = (
				45202C281D14445200E59561 /* Debug */,
				45202C291D14445200E59561 /* Release */,
			);
			defaultConfigurationIsVisible = 0;
			defaultConfigurationName = Release;
		};
		45202C2A1D14445200E59561 /* Build configuration list for PBXNativeTarget "GEtest" */ = {
			isa = XCConfigurationList;
			buildConfigurations = (
				45202C2B1D14445200E59561 /* Debug */,
				45202C2C1D14445200E59561 /* Release */,
			);
			defaultConfigurationIsVisible = 0;
			defaultConfigurationName = Release;
		};
		45202C2D1D14445200E59561 /* Build configuration list for PBXNativeTarget "GEtestTests" */ = {
			isa = XCConfigurationList;
			buildConfigurations = (
				45202C2E1D14445200E59561 /* Debug */,
				45202C2F1D14445200E59561 /* Release */,
			);
			defaultConfigurationIsVisible = 0;
			defaultConfigurationName = Release;
		};
		45202C301D14445200E59561 /* Build configuration list for PBXNativeTarget "GEtestUITests" */ = {
			isa = XCConfigurationList;
			buildConfigurations = (
				45202C311D14445200E59561 /* Debug */,
				45202C321D14445200E59561 /* Release */,
			);
			defaultConfigurationIsVisible = 0;
			defaultConfigurationName = Release;
		};
/* End XCConfigurationList section */

/* Begin XCVersionGroup section */
		45202C091D14445200E59561 /* GEtest.xcdatamodeld */ = {
			isa = XCVersionGroup;
			children = (
				45202C0A1D14445200E59561 /* GEtest.xcdatamodel */,
			);
			currentVersion = 45202C0A1D14445200E59561 /* GEtest.xcdatamodel */;
			path = GEtest.xcdatamodeld;
			sourceTree = "<group>";
			versionGroupType = wrapper.xcdatamodel;
		};
/* End XCVersionGroup section */
	};
	rootObject = 45202BF21D14445200E59561 /* Project object */;
}
